
Microsoft Visual Studio Solution File, Format Version 12.00
# Visual Studio Version 17
VisualStudioVersion = 17.11.35208.52
MinimumVisualStudioVersion = 10.0.40219.1
Project("{FAE04EC0-301F-11D3-BF4B-00C04F79EFBC}") = "EjercicioApi", "EjercicioApi\EjercicioApi.csproj", "{A4FE1EC3-606D-4D40-8446-8786E0239944}"
EndProject
Global
	GlobalSection(SolutionConfigurationPlatforms) = preSolution
		Debug|Any CPU = Debug|Any CPU
		Release|Any CPU = Release|Any CPU
	EndGlobalSection
	GlobalSection(ProjectConfigurationPlatforms) = postSolution
		{A4FE1EC3-606D-4D40-8446-8786E0239944}.Debug|Any CPU.ActiveCfg = Debug|Any CPU
		{A4FE1EC3-606D-4D40-8446-8786E0239944}.Debug|Any CPU.Build.0 = Debug|Any CPU
		{A4FE1EC3-606D-4D40-8446-8786E0239944}.Release|Any CPU.ActiveCfg = Release|Any CPU
		{A4FE1EC3-606D-4D40-8446-8786E0239944}.Release|Any CPU.Build.0 = Release|Any CPU
	EndGlobalSection
	GlobalSection(SolutionProperties) = preSolution
		HideSolutionNode = FALSE
	EndGlobalSection
	GlobalSection(ExtensibilityGlobals) = postSolution
		SolutionGuid = {BE72176D-A934-4DF6-8B39-6B223F0F16C2}
	EndGlobalSection
EndGlobal
